
Microsoft Visual Studio Solution File, Format Version 12.00
# Visual Studio Version 18
VisualStudioVersion = 18.9.12112.369 stable
MinimumVisualStudioVersion = 10.0.40219.1
Project("{FAE04EC0-301F-11D3-BF4B-00C04F79EFBC}") = "Umbraco-CMS.Skills", "Umbraco-CMS.Skills\Umbraco-CMS.Skills.csproj", "{6F94C5EF-FC00-4367-8C1B-A7E8E35BDCC3}"
EndProject
Project("{FAE04EC0-301F-11D3-BF4B-00C04F79EFBC}") = "Umbraco-CMS.Skills.TestHost", "Umbraco-CMS.Skills.TestHost\Umbraco-CMS.Skills.TestHost.csproj", "{BB123E16-2722-4255-989C-5CFF79057147}"
EndProject
Project("{2150E333-8FDC-42A3-9474-1A3956D46DE8}") = "plugins", "plugins", "{07D57EEB-2F50-60C4-C011-FE4FA775C9A8}"
EndProject
Project("{2150E333-8FDC-42A3-9474-1A3956D46DE8}") = "implementation", "implementation", "{614A4740-02C3-3521-C803-8D5230B940D2}"
EndProject
Project("{2150E333-8FDC-42A3-9474-1A3956D46DE8}") = "skills", "skills", "{2DE2A6A9-4D32-DEEF-535B-925581132E3E}"
EndProject
Project("{2150E333-8FDC-42A3-9474-1A3956D46DE8}") = "umbraco-sitemap", "umbraco-sitemap", "{44D02914-A48E-8ECE-DCC5-18A5EAA9998C}"
EndProject
Project("{2150E333-8FDC-42A3-9474-1A3956D46DE8}") = "examples", "examples", "{433CF349-05A5-91CA-929C-30B6D696B345}"
EndProject
Project("{2150E333-8FDC-42A3-9474-1A3956D46DE8}") = "approach-a-split-index", "approach-a-split-index", "{FA0AB323-CF5E-A345-7640-6FA5B3BDF858}"
EndProject
Project("{FAE04EC0-301F-11D3-BF4B-00C04F79EFBC}") = "Umbraco-Sitemap.SplitIndex.Example", "plugins\implementation\skills\umbraco-sitemap\examples\approach-a-split-index\Umbraco-Sitemap.SplitIndex.Example.csproj", "{3C6E9224-B04D-4ABA-BD58-4657D7344E36}"
EndProject
Project("{FAE04EC0-301F-11D3-BF4B-00C04F79EFBC}") = "Umbraco-CMS.Skills.Blank", "Umbraco-CMS.Skills.Blank\Umbraco-CMS.Skills.Blank.csproj", "{0EEA0308-DF69-4A4F-A59A-79873CC5090A}"
EndProject
Project("{FAE04EC0-301F-11D3-BF4B-00C04F79EFBC}") = "Umbraco-CMS.Skills.TestHost.Blank", "Umbraco-CMS.Skills.TestHost.Blank\Umbraco-CMS.Skills.TestHost.Blank.csproj", "{1BA64423-9D39-4263-8376-808FEBF752C9}"
EndProject
Project("{FAE04EC0-301F-11D3-BF4B-00C04F79EFBC}") = "ExampleFixtures.Shared", "ExampleFixtures.Shared\ExampleFixtures.Shared.csproj", "{E63E8E38-3D83-4230-869D-FF0C6FBB85B9}"
EndProject
Project("{2150E333-8FDC-42A3-9474-1A3956D46DE8}") = "umbraco-health-check", "umbraco-health-check", "{C0388796-F19A-D70E-64A9-86F2DF0A3CAF}"
EndProject
Project("{2150E333-8FDC-42A3-9474-1A3956D46DE8}") = "examples", "examples", "{5D4B4661-7188-A874-1DDC-8A8D659F2A4F}"
EndProject
Project("{2150E333-8FDC-42A3-9474-1A3956D46DE8}") = "robots-txt", "robots-txt", "{DE9AF4B6-D0E2-4700-805A-04535FC1E3CE}"
EndProject
Project("{FAE04EC0-301F-11D3-BF4B-00C04F79EFBC}") = "Umbraco-HealthCheck.Example", "plugins\implementation\skills\umbraco-health-check\examples\robots-txt\Umbraco-HealthCheck.Example.csproj", "{423FFEA8-C860-4CDD-ACCE-603961EECC63}"
EndProject
Project("{2150E333-8FDC-42A3-9474-1A3956D46DE8}") = "assets", "assets", "{C6032B00-5642-4C45-965E-763B1053C913}"
	ProjectSection(SolutionItems) = preProject
		plugins\implementation\skills\umbraco-health-check\assets\RobotsTxtHealthCheck.cs = plugins\implementation\skills\umbraco-health-check\assets\RobotsTxtHealthCheck.cs
	EndProjectSection
EndProject
Global
	GlobalSection(SolutionConfigurationPlatforms) = preSolution
		Debug|Any CPU = Debug|Any CPU
		Debug|x64 = Debug|x64
		Debug|x86 = Debug|x86
		Release|Any CPU = Release|Any CPU
		Release|x64 = Release|x64
		Release|x86 = Release|x86
	EndGlobalSection
	GlobalSection(ProjectConfigurationPlatforms) = postSolution
		{6F94C5EF-FC00-4367-8C1B-A7E8E35BDCC3}.Debug|Any CPU.ActiveCfg = Debug|Any CPU
		{6F94C5EF-FC00-4367-8C1B-A7E8E35BDCC3}.Debug|Any CPU.Build.0 = Debug|Any CPU
		{6F94C5EF-FC00-4367-8C1B-A7E8E35BDCC3}.Debug|x64.ActiveCfg = Debug|Any CPU
		{6F94C5EF-FC00-4367-8C1B-A7E8E35BDCC3}.Debug|x64.Build.0 = Debug|Any CPU
		{6F94C5EF-FC00-4367-8C1B-A7E8E35BDCC3}.Debug|x86.ActiveCfg = Debug|Any CPU
		{6F94C5EF-FC00-4367-8C1B-A7E8E35BDCC3}.Debug|x86.Build.0 = Debug|Any CPU
		{6F94C5EF-FC00-4367-8C1B-A7E8E35BDCC3}.Release|Any CPU.ActiveCfg = Release|Any CPU
		{6F94C5EF-FC00-4367-8C1B-A7E8E35BDCC3}.Release|Any CPU.Build.0 = Release|Any CPU
		{6F94C5EF-FC00-4367-8C1B-A7E8E35BDCC3}.Release|x64.ActiveCfg = Release|Any CPU
		{6F94C5EF-FC00-4367-8C1B-A7E8E35BDCC3}.Release|x64.Build.0 = Release|Any CPU
		{6F94C5EF-FC00-4367-8C1B-A7E8E35BDCC3}.Release|x86.ActiveCfg = Release|Any CPU
		{6F94C5EF-FC00-4367-8C1B-A7E8E35BDCC3}.Release|x86.Build.0 = Release|Any CPU
		{BB123E16-2722-4255-989C-5CFF79057147}.Debug|Any CPU.ActiveCfg = Debug|Any CPU
		{BB123E16-2722-4255-989C-5CFF79057147}.Debug|Any CPU.Build.0 = Debug|Any CPU
		{BB123E16-2722-4255-989C-5CFF79057147}.Debug|x64.ActiveCfg = Debug|Any CPU
		{BB123E16-2722-4255-989C-5CFF79057147}.Debug|x64.Build.0 = Debug|Any CPU
		{BB123E16-2722-4255-989C-5CFF79057147}.Debug|x86.ActiveCfg = Debug|Any CPU
		{BB123E16-2722-4255-989C-5CFF79057147}.Debug|x86.Build.0 = Debug|Any CPU
		{BB123E16-2722-4255-989C-5CFF79057147}.Release|Any CPU.ActiveCfg = Release|Any CPU
		{BB123E16-2722-4255-989C-5CFF79057147}.Release|Any CPU.Build.0 = Release|Any CPU
		{BB123E16-2722-4255-989C-5CFF79057147}.Release|x64.ActiveCfg = Release|Any CPU
		{BB123E16-2722-4255-989C-5CFF79057147}.Release|x64.Build.0 = Release|Any CPU
		{BB123E16-2722-4255-989C-5CFF79057147}.Release|x86.ActiveCfg = Release|Any CPU
		{BB123E16-2722-4255-989C-5CFF79057147}.Release|x86.Build.0 = Release|Any CPU
		{3C6E9224-B04D-4ABA-BD58-4657D7344E36}.Debug|Any CPU.ActiveCfg = Debug|Any CPU
		{3C6E9224-B04D-4ABA-BD58-4657D7344E36}.Debug|Any CPU.Build.0 = Debug|Any CPU
		{3C6E9224-B04D-4ABA-BD58-4657D7344E36}.Debug|x64.ActiveCfg = Debug|Any CPU
		{3C6E9224-B04D-4ABA-BD58-4657D7344E36}.Debug|x64.Build.0 = Debug|Any CPU
		{3C6E9224-B04D-4ABA-BD58-4657D7344E36}.Debug|x86.ActiveCfg = Debug|Any CPU
		{3C6E9224-B04D-4ABA-BD58-4657D7344E36}.Debug|x86.Build.0 = Debug|Any CPU
		{3C6E9224-B04D-4ABA-BD58-4657D7344E36}.Release|Any CPU.ActiveCfg = Release|Any CPU
		{3C6E9224-B04D-4ABA-BD58-4657D7344E36}.Release|Any CPU.Build.0 = Release|Any CPU
		{3C6E9224-B04D-4ABA-BD58-4657D7344E36}.Release|x64.ActiveCfg = Release|Any CPU
		{3C6E9224-B04D-4ABA-BD58-4657D7344E36}.Release|x64.Build.0 = Release|Any CPU
		{3C6E9224-B04D-4ABA-BD58-4657D7344E36}.Release|x86.ActiveCfg = Release|Any CPU
		{3C6E9224-B04D-4ABA-BD58-4657D7344E36}.Release|x86.Build.0 = Release|Any CPU
		{0EEA0308-DF69-4A4F-A59A-79873CC5090A}.Debug|Any CPU.ActiveCfg = Debug|Any CPU
		{0EEA0308-DF69-4A4F-A59A-79873CC5090A}.Debug|Any CPU.Build.0 = Debug|Any CPU
		{0EEA0308-DF69-4A4F-A59A-79873CC5090A}.Debug|x64.ActiveCfg = Debug|Any CPU
		{0EEA0308-DF69-4A4F-A59A-79873CC5090A}.Debug|x64.Build.0 = Debug|Any CPU
		{0EEA0308-DF69-4A4F-A59A-79873CC5090A}.Debug|x86.ActiveCfg = Debug|Any CPU
		{0EEA0308-DF69-4A4F-A59A-79873CC5090A}.Debug|x86.Build.0 = Debug|Any CPU
		{0EEA0308-DF69-4A4F-A59A-79873CC5090A}.Release|Any CPU.ActiveCfg = Release|Any CPU
		{0EEA0308-DF69-4A4F-A59A-79873CC5090A}.Release|Any CPU.Build.0 = Release|Any CPU
		{0EEA0308-DF69-4A4F-A59A-79873CC5090A}.Release|x64.ActiveCfg = Release|Any CPU
		{0EEA0308-DF69-4A4F-A59A-79873CC5090A}.Release|x64.Build.0 = Release|Any CPU
		{0EEA0308-DF69-4A4F-A59A-79873CC5090A}.Release|x86.ActiveCfg = Release|Any CPU
		{0EEA0308-DF69-4A4F-A59A-79873CC5090A}.Release|x86.Build.0 = Release|Any CPU
		{1BA64423-9D39-4263-8376-808FEBF752C9}.Debug|Any CPU.ActiveCfg = Debug|Any CPU
		{1BA64423-9D39-4263-8376-808FEBF752C9}.Debug|Any CPU.Build.0 = Debug|Any CPU
		{1BA64423-9D39-4263-8376-808FEBF752C9}.Debug|x64.ActiveCfg = Debug|Any CPU
		{1BA64423-9D39-4263-8376-808FEBF752C9}.Debug|x64.Build.0 = Debug|Any CPU
		{1BA64423-9D39-4263-8376-808FEBF752C9}.Debug|x86.ActiveCfg = Debug|Any CPU
		{1BA64423-9D39-4263-8376-808FEBF752C9}.Debug|x86.Build.0 = Debug|Any CPU
		{1BA64423-9D39-4263-8376-808FEBF752C9}.Release|Any CPU.ActiveCfg = Release|Any CPU
		{1BA64423-9D39-4263-8376-808FEBF752C9}.Release|Any CPU.Build.0 = Release|Any CPU
		{1BA64423-9D39-4263-8376-808FEBF752C9}.Release|x64.ActiveCfg = Release|Any CPU
		{1BA64423-9D39-4263-8376-808FEBF752C9}.Release|x64.Build.0 = Release|Any CPU
		{1BA64423-9D39-4263-8376-808FEBF752C9}.Release|x86.ActiveCfg = Release|Any CPU
		{1BA64423-9D39-4263-8376-808FEBF752C9}.Release|x86.Build.0 = Release|Any CPU
		{E63E8E38-3D83-4230-869D-FF0C6FBB85B9}.Debug|Any CPU.ActiveCfg = Debug|Any CPU
		{E63E8E38-3D83-4230-869D-FF0C6FBB85B9}.Debug|Any CPU.Build.0 = Debug|Any CPU
		{E63E8E38-3D83-4230-869D-FF0C6FBB85B9}.Debug|x64.ActiveCfg = Debug|Any CPU
		{E63E8E38-3D83-4230-869D-FF0C6FBB85B9}.Debug|x64.Build.0 = Debug|Any CPU
		{E63E8E38-3D83-4230-869D-FF0C6FBB85B9}.Debug|x86.ActiveCfg = Debug|Any CPU
		{E63E8E38-3D83-4230-869D-FF0C6FBB85B9}.Debug|x86.Build.0 = Debug|Any CPU
		{E63E8E38-3D83-4230-869D-FF0C6FBB85B9}.Release|Any CPU.ActiveCfg = Release|Any CPU
		{E63E8E38-3D83-4230-869D-FF0C6FBB85B9}.Release|Any CPU.Build.0 = Release|Any CPU
		{E63E8E38-3D83-4230-869D-FF0C6FBB85B9}.Release|x64.ActiveCfg = Release|Any CPU
		{E63E8E38-3D83-4230-869D-FF0C6FBB85B9}.Release|x64.Build.0 = Release|Any CPU
		{E63E8E38-3D83-4230-869D-FF0C6FBB85B9}.Release|x86.ActiveCfg = Release|Any CPU
		{E63E8E38-3D83-4230-869D-FF0C6FBB85B9}.Release|x86.Build.0 = Release|Any CPU
		{423FFEA8-C860-4CDD-ACCE-603961EECC63}.Debug|Any CPU.ActiveCfg = Debug|Any CPU
		{423FFEA8-C860-4CDD-ACCE-603961EECC63}.Debug|Any CPU.Build.0 = Debug|Any CPU
		{423FFEA8-C860-4CDD-ACCE-603961EECC63}.Debug|x64.ActiveCfg = Debug|Any CPU
		{423FFEA8-C860-4CDD-ACCE-603961EECC63}.Debug|x64.Build.0 = Debug|Any CPU
		{423FFEA8-C860-4CDD-ACCE-603961EECC63}.Debug|x86.ActiveCfg = Debug|Any CPU
		{423FFEA8-C860-4CDD-ACCE-603961EECC63}.Debug|x86.Build.0 = Debug|Any CPU
		{423FFEA8-C860-4CDD-ACCE-603961EECC63}.Release|Any CPU.ActiveCfg = Release|Any CPU
		{423FFEA8-C860-4CDD-ACCE-603961EECC63}.Release|Any CPU.Build.0 = Release|Any CPU
		{423FFEA8-C860-4CDD-ACCE-603961EECC63}.Release|x64.ActiveCfg = Release|Any CPU
		{423FFEA8-C860-4CDD-ACCE-603961EECC63}.Release|x64.Build.0 = Release|Any CPU
		{423FFEA8-C860-4CDD-ACCE-603961EECC63}.Release|x86.ActiveCfg = Release|Any CPU
		{423FFEA8-C860-4CDD-ACCE-603961EECC63}.Release|x86.Build.0 = Release|Any CPU
	EndGlobalSection
	GlobalSection(SolutionProperties) = preSolution
		HideSolutionNode = FALSE
	EndGlobalSection
	GlobalSection(NestedProjects) = preSolution
		{614A4740-02C3-3521-C803-8D5230B940D2} = {07D57EEB-2F50-60C4-C011-FE4FA775C9A8}
		{2DE2A6A9-4D32-DEEF-535B-925581132E3E} = {614A4740-02C3-3521-C803-8D5230B940D2}
		{44D02914-A48E-8ECE-DCC5-18A5EAA9998C} = {2DE2A6A9-4D32-DEEF-535B-925581132E3E}
		{433CF349-05A5-91CA-929C-30B6D696B345} = {44D02914-A48E-8ECE-DCC5-18A5EAA9998C}
		{FA0AB323-CF5E-A345-7640-6FA5B3BDF858} = {433CF349-05A5-91CA-929C-30B6D696B345}
		{3C6E9224-B04D-4ABA-BD58-4657D7344E36} = {FA0AB323-CF5E-A345-7640-6FA5B3BDF858}
		{C0388796-F19A-D70E-64A9-86F2DF0A3CAF} = {2DE2A6A9-4D32-DEEF-535B-925581132E3E}
		{5D4B4661-7188-A874-1DDC-8A8D659F2A4F} = {C0388796-F19A-D70E-64A9-86F2DF0A3CAF}
		{DE9AF4B6-D0E2-4700-805A-04535FC1E3CE} = {5D4B4661-7188-A874-1DDC-8A8D659F2A4F}
		{423FFEA8-C860-4CDD-ACCE-603961EECC63} = {DE9AF4B6-D0E2-4700-805A-04535FC1E3CE}
		{C6032B00-5642-4C45-965E-763B1053C913} = {C0388796-F19A-D70E-64A9-86F2DF0A3CAF}
	EndGlobalSection
	GlobalSection(ExtensibilityGlobals) = postSolution
		SolutionGuid = {0F562F54-0937-4FA6-BF33-FEDD994916CA}
	EndGlobalSection
EndGlobal
